
Microsoft Visual Studio Solution File, Format Version 12.00
# Visual Studio Version 16
VisualStudioVersion = 16.0.31019.35
MinimumVisualStudioVersion = 10.0.40219.1
Project("{FAE04EC0-301F-11D3-BF4B-00C04F79EFBC}") = "Computing Project", "Computing Project\Computing Project.csproj", "{2126FE93-BBD0-45C2-B5D6-3755CD011DFB}"
EndProject
Global
	GlobalSection(SolutionConfigurationPlatforms) = preSolution
		Debug|Any CPU = Debug|Any CPU
		Release|Any CPU = Release|Any CPU
	EndGlobalSection
	GlobalSection(ProjectConfigurationPlatforms) = postSolution
		{2126FE93-BBD0-45C2-B5D6-3755CD011DFB}.Debug|Any CPU.ActiveCfg = Debug|Any CPU
		{2126FE93-BBD0-45C2-B5D6-3755CD011DFB}.Debug|Any CPU.Build.0 = Debug|Any CPU
		{2126FE93-BBD0-45C2-B5D6-3755CD011DFB}.Release|Any CPU.ActiveCfg = Release|Any CPU
		{2126FE93-BBD0-45C2-B5D6-3755CD011DFB}.Release|Any CPU.Build.0 = Release|Any CPU
	EndGlobalSection
	GlobalSection(SolutionProperties) = preSolution
		HideSolutionNode = FALSE
	EndGlobalSection
	GlobalSection(ExtensibilityGlobals) = postSolution
		SolutionGuid = {FC92C464-B283-45A9-8FBA-090A72E494F9}
	EndGlobalSection
EndGlobal
